
Microsoft Visual Studio Solution File, Format Version 12.00
# Visual Studio Version 17
VisualStudioVersion = 17.14.36705.20
MinimumVisualStudioVersion = 10.0.40219.1
Project("{FAE04EC0-301F-11D3-BF4B-00C04F79EFBC}") = "ReservationApp", "ReservationApp\ReservationApp.csproj", "{70DC3AB1-B46E-4373-B61A-9283B209D95A}"
EndProject
Project("{FAE04EC0-301F-11D3-BF4B-00C04F79EFBC}") = "ReservationAppTests", "ReservationAppTests\ReservationAppTests.csproj", "{B66317BB-79C5-4B94-93DE-93BE94F63B11}"
EndProject
Global
	GlobalSection(SolutionConfigurationPlatforms) = preSolution
		Debug|Any CPU = Debug|Any CPU
		Release|Any CPU = Release|Any CPU
	EndGlobalSection
	GlobalSection(ProjectConfigurationPlatforms) = postSolution
		{70DC3AB1-B46E-4373-B61A-9283B209D95A}.Debug|Any CPU.ActiveCfg = Debug|Any CPU
		{70DC3AB1-B46E-4373-B61A-9283B209D95A}.Debug|Any CPU.Build.0 = Debug|Any CPU
		{70DC3AB1-B46E-4373-B61A-9283B209D95A}.Release|Any CPU.ActiveCfg = Release|Any CPU
		{70DC3AB1-B46E-4373-B61A-9283B209D95A}.Release|Any CPU.Build.0 = Release|Any CPU
		{B66317BB-79C5-4B94-93DE-93BE94F63B11}.Debug|Any CPU.ActiveCfg = Debug|Any CPU
		{B66317BB-79C5-4B94-93DE-93BE94F63B11}.Debug|Any CPU.Build.0 = Debug|Any CPU
		{B66317BB-79C5-4B94-93DE-93BE94F63B11}.Release|Any CPU.ActiveCfg = Release|Any CPU
		{B66317BB-79C5-4B94-93DE-93BE94F63B11}.Release|Any CPU.Build.0 = Release|Any CPU
	EndGlobalSection
	GlobalSection(SolutionProperties) = preSolution
		HideSolutionNode = FALSE
	EndGlobalSection
	GlobalSection(ExtensibilityGlobals) = postSolution
		SolutionGuid = {92D87044-DFF3-4A9D-8ED5-2DBC4B406FB1}
	EndGlobalSection
EndGlobal
